
Microsoft Visual Studio Solution File, Format Version 12.00
# Visual Studio Version 17
VisualStudioVersion = 17.2.32422.2
MinimumVisualStudioVersion = 10.0.40219.1
Project("{9A19103F-16F7-4668-BE54-9A1E7A4F7556}") = "FruitsApp", "FruitsApp\FruitsApp.csproj", "{5BD49268-24A7-44FF-9A5A-E3F71AC88D00}"
EndProject
Project("{2150E333-8FDC-42A3-9474-1A3956D46DE8}") = "Solution Items", "Solution Items", "{7D4249DC-28D4-4CCB-816E-EC12F4A7CD50}"
	ProjectSection(SolutionItems) = preProject
		.editorconfig = .editorconfig
	EndProjectSection
EndProject
Project("{FAE04EC0-301F-11D3-BF4B-00C04F79EFBC}") = "NewsApp", "NewsApp\NewsApp.csproj", "{4FDFC332-AEDC-499E-B671-7E919D935019}"
EndProject
Global
	GlobalSection(SolutionConfigurationPlatforms) = preSolution
		Debug|Any CPU = Debug|Any CPU
		Release|Any CPU = Release|Any CPU
	EndGlobalSection
	GlobalSection(ProjectConfigurationPlatforms) = postSolution
		{5BD49268-24A7-44FF-9A5A-E3F71AC88D00}.Debug|Any CPU.ActiveCfg = Debug|Any CPU
		{5BD49268-24A7-44FF-9A5A-E3F71AC88D00}.Debug|Any CPU.Build.0 = Debug|Any CPU
		{5BD49268-24A7-44FF-9A5A-E3F71AC88D00}.Debug|Any CPU.Deploy.0 = Debug|Any CPU
		{5BD49268-24A7-44FF-9A5A-E3F71AC88D00}.Release|Any CPU.ActiveCfg = Release|Any CPU
		{5BD49268-24A7-44FF-9A5A-E3F71AC88D00}.Release|Any CPU.Build.0 = Release|Any CPU
		{5BD49268-24A7-44FF-9A5A-E3F71AC88D00}.Release|Any CPU.Deploy.0 = Release|Any CPU
		{4FDFC332-AEDC-499E-B671-7E919D935019}.Debug|Any CPU.ActiveCfg = Debug|Any CPU
		{4FDFC332-AEDC-499E-B671-7E919D935019}.Debug|Any CPU.Build.0 = Debug|Any CPU
		{4FDFC332-AEDC-499E-B671-7E919D935019}.Debug|Any CPU.Deploy.0 = Debug|Any CPU
		{4FDFC332-AEDC-499E-B671-7E919D935019}.Release|Any CPU.ActiveCfg = Release|Any CPU
		{4FDFC332-AEDC-499E-B671-7E919D935019}.Release|Any CPU.Build.0 = Release|Any CPU
		{4FDFC332-AEDC-499E-B671-7E919D935019}.Release|Any CPU.Deploy.0 = Release|Any CPU
	EndGlobalSection
	GlobalSection(SolutionProperties) = preSolution
		HideSolutionNode = FALSE
	EndGlobalSection
	GlobalSection(ExtensibilityGlobals) = postSolution
		SolutionGuid = {8D9A3321-10D2-457B-BDC6-F9BB7F4E5702}
	EndGlobalSection
EndGlobal
